
Microsoft Visual Studio Solution File, Format Version 12.00
# Visual Studio Version 17
VisualStudioVersion = 17.11.35327.3
MinimumVisualStudioVersion = 10.0.40219.1
Project("{FAE04EC0-301F-11D3-BF4B-00C04F79EFBC}") = "SmileIdVerify", "SmileIdVerify\SmileIdVerify.csproj", "{6C0FECF0-918F-43F2-99F0-7ADC27C47030}"
EndProject
Global
	GlobalSection(SolutionConfigurationPlatforms) = preSolution
		Debug|Any CPU = Debug|Any CPU
		Release|Any CPU = Release|Any CPU
	EndGlobalSection
	GlobalSection(ProjectConfigurationPlatforms) = postSolution
		{6C0FECF0-918F-43F2-99F0-7ADC27C47030}.Debug|Any CPU.ActiveCfg = Debug|Any CPU
		{6C0FECF0-918F-43F2-99F0-7ADC27C47030}.Debug|Any CPU.Build.0 = Debug|Any CPU
		{6C0FECF0-918F-43F2-99F0-7ADC27C47030}.Release|Any CPU.ActiveCfg = Release|Any CPU
		{6C0FECF0-918F-43F2-99F0-7ADC27C47030}.Release|Any CPU.Build.0 = Release|Any CPU
	EndGlobalSection
	GlobalSection(SolutionProperties) = preSolution
		HideSolutionNode = FALSE
	EndGlobalSection
	GlobalSection(ExtensibilityGlobals) = postSolution
		SolutionGuid = {01729CB8-99E7-4541-B6FB-DC65C9715A9D}
	EndGlobalSection
EndGlobal
